# This file is automatically @generated by Cargo.
# It is not intended for manual editing.
version = 4

[[package]]
name = "capytain-auth"
version = "0.0.0"

[[package]]
name = "capytain-core"
version = "0.0.0"

[[package]]
name = "capytain-desktop"
version = "0.0.0"

[[package]]
name = "capytain-imap-client"
version = "0.0.0"

[[package]]
name = "capytain-ipc"
version = "0.0.0"

[[package]]
name = "capytain-jmap-client"
version = "0.0.0"

[[package]]
name = "capytain-mime"
version = "0.0.0"

[[package]]
name = "capytain-search"
version = "0.0.0"

[[package]]
name = "capytain-smtp-client"
version = "0.0.0"

[[package]]
name = "capytain-storage"
version = "0.0.0"

[[package]]
name = "capytain-sync"
version = "0.0.0"

[[package]]
name = "capytain-ui"
version = "0.0.0"

[[package]]
name = "xtask"
version = "0.0.0"
